
Microsoft Visual Studio Solution File, Format Version 12.00
# Visual Studio Version 17
VisualStudioVersion = 17.3.32929.385
MinimumVisualStudioVersion = 10.0.40219.1
Project("{FAE04EC0-301F-11D3-BF4B-00C04F79EFBC}") = "WinFormsApp1", "WinFormsApp1\WinFormsApp1.csproj", "{E35F2993-A887-4E67-A1FC-E87C081CAD71}"
EndProject
Global
	GlobalSection(SolutionConfigurationPlatforms) = preSolution
		Debug|Any CPU = Debug|Any CPU
		Release|Any CPU = Release|Any CPU
	EndGlobalSection
	GlobalSection(ProjectConfigurationPlatforms) = postSolution
		{E35F2993-A887-4E67-A1FC-E87C081CAD71}.Debug|Any CPU.ActiveCfg = Debug|Any CPU
		{E35F2993-A887-4E67-A1FC-E87C081CAD71}.Debug|Any CPU.Build.0 = Debug|Any CPU
		{E35F2993-A887-4E67-A1FC-E87C081CAD71}.Release|Any CPU.ActiveCfg = Release|Any CPU
		{E35F2993-A887-4E67-A1FC-E87C081CAD71}.Release|Any CPU.Build.0 = Release|Any CPU
	EndGlobalSection
	GlobalSection(SolutionProperties) = preSolution
		HideSolutionNode = FALSE
	EndGlobalSection
	GlobalSection(ExtensibilityGlobals) = postSolution
		SolutionGuid = {1B9F75AC-8469-4B77-817C-A9E68F63C7FD}
	EndGlobalSection
EndGlobal
